github.com/Jxazy/example_module v1.0.0 h1:dweL13dykC/dp17tJuDiQbFRN+uHI550xuuvRbOaDH8=
github.com/Jxazy/example_module v1.0.0/go.mod h1:2EbKSCI9uw3+u676+O7nD3mV4sTOZuc5fdfh7EUC4Xo=
github.com/Jxazy/example_module v1.5.0 h1:E9OkZMAuPB5J6+TICccizQmLV2m9R9DcbktcHuTjKu0=
github.com/Jxazy/example_module v1.5.0/go.mod h1:2EbKSCI9uw3+u676+O7nD3mV4sTOZuc5fdfh7EUC4Xo=
github.com/Jxazy/example_module/v2 v2.0.0 h1:DWiuMTfdBkz0UCZHi3ANe382n4Qpa/HcHMuMW9GBw0w=
github.com/Jxazy/example_module/v2 v2.0.0/go.mod h1:snDMwH3g6EeAGNzQEXNflVoHKk3DN+KUfh6WN1IiblE=
github.com/Jxazy/example_module/v2 v2.1.0 h1:jkzfKmnh8lktFih2cPFP7QJERYF3MFdWPci4GnDs9Zo=
github.com/Jxazy/example_module/v2 v2.1.0/go.mod h1:snDMwH3g6EeAGNzQEXNflVoHKk3DN+KUfh6WN1IiblE=
